// !$*UTF8*$!
{
	archiveVersion = 1;
	classes = {
	};
	objectVersion = 50;
	objects = {

/* Begin PBXBuildFile section */
		6F02919723393CBC00136571 /* KeyListDataBase.cpp in Sources */ = {isa = PBXBuildFile; fileRef = 6F02919523393CBC00136571 /* KeyListDataBase.cpp */; };
		6F02919F23399BFC00136571 /* Check_Keylists_main.cpp in Sources */ = {isa = PBXBuildFile; fileRef = 6F02919E23399BFC00136571 /* Check_Keylists_main.cpp */; };
		6F0291A323399C3B00136571 /* KeyListDataBase.cpp in Sources */ = {isa = PBXBuildFile; fileRef = 6F02919523393CBC00136571 /* KeyListDataBase.cpp */; };
		6F0291A423399C4C00136571 /* Keywheel.cc in Sources */ = {isa = PBXBuildFile; fileRef = 6F69CFE5232A00F300696078 /* Keywheel.cc */; };
		6F0291A523399C5300136571 /* M209.cc in Sources */ = {isa = PBXBuildFile; fileRef = 6F69CFE4232A00F300696078 /* M209.cc */; };
		6F0291A623399C5A00136571 /* M209GenKey.cc in Sources */ = {isa = PBXBuildFile; fileRef = 6F69CFE3232A00F300696078 /* M209GenKey.cc */; };
		6F0291A723399C5F00136571 /* AppendixII.cpp in Sources */ = {isa = PBXBuildFile; fileRef = 6FE7BE5123345A720044053A /* AppendixII.cpp */; };
		6F69CFE6232A00F300696078 /* m209_main.cc in Sources */ = {isa = PBXBuildFile; fileRef = 6F69CFE2232A00F300696078 /* m209_main.cc */; };
		6F69CFE7232A00F300696078 /* M209GenKey.cc in Sources */ = {isa = PBXBuildFile; fileRef = 6F69CFE3232A00F300696078 /* M209GenKey.cc */; };
		6F69CFE8232A00F300696078 /* M209.cc in Sources */ = {isa = PBXBuildFile; fileRef = 6F69CFE4232A00F300696078 /* M209.cc */; };
		6F69CFE9232A00F300696078 /* Keywheel.cc in Sources */ = {isa = PBXBuildFile; fileRef = 6F69CFE5232A00F300696078 /* Keywheel.cc */; };
		6F8FE28A232EC068000489D3 /* test_m209.cpp in Sources */ = {isa = PBXBuildFile; fileRef = 6F8FE289232EC068000489D3 /* test_m209.cpp */; };
		6F8FE28E232EC33F000489D3 /* Keywheel.cc in Sources */ = {isa = PBXBuildFile; fileRef = 6F69CFE5232A00F300696078 /* Keywheel.cc */; };
		6F8FE28F232EC347000489D3 /* M209.cc in Sources */ = {isa = PBXBuildFile; fileRef = 6F69CFE4232A00F300696078 /* M209.cc */; };
		6F8FE290232EC34D000489D3 /* M209GenKey.cc in Sources */ = {isa = PBXBuildFile; fileRef = 6F69CFE3232A00F300696078 /* M209GenKey.cc */; };
		6FA572B0233D64AF00407254 /* KeyListDataBase.cpp in Sources */ = {isa = PBXBuildFile; fileRef = 6F02919523393CBC00136571 /* KeyListDataBase.cpp */; };
		6FA572B1233D7CB400407254 /* KeyListDataBase.cpp in Sources */ = {isa = PBXBuildFile; fileRef = 6F02919523393CBC00136571 /* KeyListDataBase.cpp */; };
		6FE7BE5223345A720044053A /* AppendixII.cpp in Sources */ = {isa = PBXBuildFile; fileRef = 6FE7BE5123345A720044053A /* AppendixII.cpp */; };
		6FE7BE5323345A720044053A /* AppendixII.cpp in Sources */ = {isa = PBXBuildFile; fileRef = 6FE7BE5123345A720044053A /* AppendixII.cpp */; };
		6FEB30BC2338885100784FCE /* KeyListDataBase_main.cpp in Sources */ = {isa = PBXBuildFile; fileRef = 6FEB30BB2338885100784FCE /* KeyListDataBase_main.cpp */; };
		6FFA005F233BD11F00100D8D /* ValidateDrumOldBroken.cpp in Sources */ = {isa = PBXBuildFile; fileRef = 6FFA005D233BD11F00100D8D /* ValidateDrumOldBroken.cpp */; };
		6FFA0062233BDCD500100D8D /* ValidateDrumOldFixed.cpp in Sources */ = {isa = PBXBuildFile; fileRef = 6FFA0060233BDCD500100D8D /* ValidateDrumOldFixed.cpp */; };
/* End PBXBuildFile section */

/* Begin PBXCopyFilesBuildPhase section */
		6F02919A23399BFC00136571 /* CopyFiles */ = {
			isa = PBXCopyFilesBuildPhase;
			buildActionMask = 2147483647;
			dstPath = /usr/share/man/man1/;
			dstSubfolderSpec = 0;
			files = (
			);
			runOnlyForDeploymentPostprocessing = 1;
		};
		6F69CFD62329FDB300696078 /* CopyFiles */ = {
			isa = PBXCopyFilesBuildPhase;
			buildActionMask = 2147483647;
			dstPath = /usr/share/man/man1/;
			dstSubfolderSpec = 0;
			files = (
			);
			runOnlyForDeploymentPostprocessing = 1;
		};
		6F8FE285232EC068000489D3 /* CopyFiles */ = {
			isa = PBXCopyFilesBuildPhase;
			buildActionMask = 2147483647;
			dstPath = /usr/share/man/man1/;
			dstSubfolderSpec = 0;
			files = (
			);
			runOnlyForDeploymentPostprocessing = 1;
		};
		6FEB30B72338885100784FCE /* CopyFiles */ = {
			isa = PBXCopyFilesBuildPhase;
			buildActionMask = 2147483647;
			dstPath = /usr/share/man/man1/;
			dstSubfolderSpec = 0;
			files = (
			);
			runOnlyForDeploymentPostprocessing = 1;
		};
/* End PBXCopyFilesBuildPhase section */

/* Begin PBXFileReference section */
		6F02919523393CBC00136571 /* KeyListDataBase.cpp */ = {isa = PBXFileReference; lastKnownFileType = sourcecode.cpp.cpp; path = KeyListDataBase.cpp; sourceTree = "<group>"; };
		6F02919623393CBC00136571 /* KeyListDataBase.hpp */ = {isa = PBXFileReference; lastKnownFileType = sourcecode.cpp.h; path = KeyListDataBase.hpp; sourceTree = "<group>"; };
		6F02919C23399BFC00136571 /* Check_KeyLists */ = {isa = PBXFileReference; explicitFileType = "compiled.mach-o.executable"; includeInIndex = 0; path = Check_KeyLists; sourceTree = BUILT_PRODUCTS_DIR; };
		6F02919E23399BFC00136571 /* Check_Keylists_main.cpp */ = {isa = PBXFileReference; lastKnownFileType = sourcecode.cpp.cpp; path = Check_Keylists_main.cpp; sourceTree = "<group>"; };
		6F0291A8233B18F700136571 /* meson.build */ = {isa = PBXFileReference; fileEncoding = 4; lastKnownFileType = text; path = meson.build; sourceTree = "<group>"; };
		6F0291A9233B192700136571 /* meson.build */ = {isa = PBXFileReference; fileEncoding = 4; lastKnownFileType = text; path = meson.build; sourceTree = "<group>"; };
		6F43FCD8232D57B20098362F /* m209.mansrc */ = {isa = PBXFileReference; fileEncoding = 4; lastKnownFileType = text; path = m209.mansrc; sourceTree = "<group>"; };
		6F43FCD9232D57B20098362F /* hagelin.mansrc */ = {isa = PBXFileReference; fileEncoding = 4; lastKnownFileType = text; path = hagelin.mansrc; sourceTree = "<group>"; };
		6F43FCDA232D57B20098362F /* Doxyfile.in */ = {isa = PBXFileReference; fileEncoding = 4; lastKnownFileType = text; path = Doxyfile.in; sourceTree = "<group>"; };
		6F43FCDB232D57D20098362F /* meson.build */ = {isa = PBXFileReference; fileEncoding = 4; lastKnownFileType = text; path = meson.build; sourceTree = "<group>"; };
		6F43FCDD232D7F680098362F /* m209-indicator.pysrc */ = {isa = PBXFileReference; fileEncoding = 4; lastKnownFileType = text; path = "m209-indicator.pysrc"; sourceTree = "<group>"; };
		6F43FCDE232D7F680098362F /* m209-keylist.pysrc */ = {isa = PBXFileReference; fileEncoding = 4; lastKnownFileType = text; path = "m209-keylist.pysrc"; sourceTree = "<group>"; };
		6F43FCDF232D7F680098362F /* meson.build */ = {isa = PBXFileReference; fileEncoding = 4; lastKnownFileType = text; path = meson.build; sourceTree = "<group>"; };
		6F69CFD82329FDB300696078 /* m209 */ = {isa = PBXFileReference; explicitFileType = "compiled.mach-o.executable"; includeInIndex = 0; path = m209; sourceTree = BUILT_PRODUCTS_DIR; };
		6F69CFE2232A00F300696078 /* m209_main.cc */ = {isa = PBXFileReference; fileEncoding = 4; lastKnownFileType = sourcecode.cpp.cpp; path = m209_main.cc; sourceTree = "<group>"; };
		6F69CFE3232A00F300696078 /* M209GenKey.cc */ = {isa = PBXFileReference; fileEncoding = 4; lastKnownFileType = sourcecode.cpp.cpp; path = M209GenKey.cc; sourceTree = "<group>"; };
		6F69CFE4232A00F300696078 /* M209.cc */ = {isa = PBXFileReference; fileEncoding = 4; lastKnownFileType = sourcecode.cpp.cpp; path = M209.cc; sourceTree = "<group>"; };
		6F69CFE5232A00F300696078 /* Keywheel.cc */ = {isa = PBXFileReference; fileEncoding = 4; lastKnownFileType = sourcecode.cpp.cpp; path = Keywheel.cc; sourceTree = "<group>"; };
		6F69CFEB232A03CC00696078 /* Keywheel.h */ = {isa = PBXFileReference; fileEncoding = 4; lastKnownFileType = sourcecode.c.h; path = Keywheel.h; sourceTree = "<group>"; };
		6F69CFEC232A03CC00696078 /* M209.h */ = {isa = PBXFileReference; fileEncoding = 4; lastKnownFileType = sourcecode.c.h; path = M209.h; sourceTree = "<group>"; };
		6F69CFED232B374100696078 /* config.h.in */ = {isa = PBXFileReference; fileEncoding = 4; lastKnownFileType = text; path = config.h.in; sourceTree = "<group>"; };
		6F69CFEE232C2A1300696078 /* meson.build */ = {isa = PBXFileReference; fileEncoding = 4; lastKnownFileType = text; path = meson.build; sourceTree = "<group>"; };
		6F69CFEF232C2A3100696078 /* meson.build */ = {isa = PBXFileReference; fileEncoding = 4; lastKnownFileType = text; path = meson.build; sourceTree = "<group>"; };
		6F69CFF2232C2B1D00696078 /* meson.build */ = {isa = PBXFileReference; fileEncoding = 4; lastKnownFileType = text; path = meson.build; sourceTree = "<group>"; };
		6F8FE27F232EAF10000489D3 /* cipher.txt */ = {isa = PBXFileReference; fileEncoding = 4; lastKnownFileType = text; path = cipher.txt; sourceTree = "<group>"; };
		6F8FE281232EAFB7000489D3 /* plain.txt */ = {isa = PBXFileReference; fileEncoding = 4; lastKnownFileType = text; path = plain.txt; sourceTree = "<group>"; };
		6F8FE282232EB0D5000489D3 /* MB.m209key */ = {isa = PBXFileReference; fileEncoding = 4; lastKnownFileType = text; path = MB.m209key; sourceTree = "<group>"; };
		6F8FE287232EC068000489D3 /* tests */ = {isa = PBXFileReference; explicitFileType = "compiled.mach-o.executable"; includeInIndex = 0; path = tests; sourceTree = BUILT_PRODUCTS_DIR; };
		6F8FE289232EC068000489D3 /* test_m209.cpp */ = {isa = PBXFileReference; lastKnownFileType = sourcecode.cpp.cpp; path = test_m209.cpp; sourceTree = "<group>"; };
		6F8FE291232F1759000489D3 /* deciphered.txt */ = {isa = PBXFileReference; fileEncoding = 4; lastKnownFileType = text; path = deciphered.txt; sourceTree = "<group>"; };
		6F8FE292232F175A000489D3 /* mangled.m209key */ = {isa = PBXFileReference; fileEncoding = 4; lastKnownFileType = text; path = mangled.m209key; sourceTree = "<group>"; };
		6FE7BE5123345A720044053A /* AppendixII.cpp */ = {isa = PBXFileReference; lastKnownFileType = sourcecode.cpp.cpp; path = AppendixII.cpp; sourceTree = "<group>"; };
		6FEB30B92338885100784FCE /* KeyListDataBase */ = {isa = PBXFileReference; explicitFileType = "compiled.mach-o.executable"; includeInIndex = 0; path = KeyListDataBase; sourceTree = BUILT_PRODUCTS_DIR; };
		6FEB30BB2338885100784FCE /* KeyListDataBase_main.cpp */ = {isa = PBXFileReference; lastKnownFileType = sourcecode.cpp.cpp; path = KeyListDataBase_main.cpp; sourceTree = "<group>"; };
		6FF4BC6D232CA1BD0090B8F5 /* LICENSE.md */ = {isa = PBXFileReference; fileEncoding = 4; lastKnownFileType = net.daringfireball.markdown; path = LICENSE.md; sourceTree = "<group>"; };
		6FF4BC6E232CB6490090B8F5 /* README.md */ = {isa = PBXFileReference; fileEncoding = 4; lastKnownFileType = net.daringfireball.markdown; path = README.md; sourceTree = "<group>"; };
		6FFA005D233BD11F00100D8D /* ValidateDrumOldBroken.cpp */ = {isa = PBXFileReference; lastKnownFileType = sourcecode.cpp.cpp; path = ValidateDrumOldBroken.cpp; sourceTree = "<group>"; };
		6FFA005E233BD11F00100D8D /* ValidateDrumOldBroken.hpp */ = {isa = PBXFileReference; lastKnownFileType = sourcecode.cpp.h; path = ValidateDrumOldBroken.hpp; sourceTree = "<group>"; };
		6FFA0060233BDCD500100D8D /* ValidateDrumOldFixed.cpp */ = {isa = PBXFileReference; lastKnownFileType = sourcecode.cpp.cpp; path = ValidateDrumOldFixed.cpp; sourceTree = "<group>"; };
		6FFA0061233BDCD500100D8D /* ValidateDrumOldFixed.hpp */ = {isa = PBXFileReference; lastKnownFileType = sourcecode.cpp.h; path = ValidateDrumOldFixed.hpp; sourceTree = "<group>"; };
/* End PBXFileReference section */

/* Begin PBXFrameworksBuildPhase section */
		6F02919923399BFC00136571 /* Frameworks */ = {
			isa = PBXFrameworksBuildPhase;
			buildActionMask = 2147483647;
			files = (
			);
			runOnlyForDeploymentPostprocessing = 0;
		};
		6F69CFD52329FDB300696078 /* Frameworks */ = {
			isa = PBXFrameworksBuildPhase;
			buildActionMask = 2147483647;
			files = (
			);
			runOnlyForDeploymentPostprocessing = 0;
		};
		6F8FE284232EC068000489D3 /* Frameworks */ = {
			isa = PBXFrameworksBuildPhase;
			buildActionMask = 2147483647;
			files = (
			);
			runOnlyForDeploymentPostprocessing = 0;
		};
		6FEB30B62338885100784FCE /* Frameworks */ = {
			isa = PBXFrameworksBuildPhase;
			buildActionMask = 2147483647;
			files = (
			);
			runOnlyForDeploymentPostprocessing = 0;
		};
/* End PBXFrameworksBuildPhase section */

/* Begin PBXGroup section */
		6F02919D23399BFC00136571 /* Check_KeyLists */ = {
			isa = PBXGroup;
			children = (
				6F0291A9233B192700136571 /* meson.build */,
				6F02919E23399BFC00136571 /* Check_Keylists_main.cpp */,
				6FFA005D233BD11F00100D8D /* ValidateDrumOldBroken.cpp */,
				6FFA005E233BD11F00100D8D /* ValidateDrumOldBroken.hpp */,
				6FFA0060233BDCD500100D8D /* ValidateDrumOldFixed.cpp */,
				6FFA0061233BDCD500100D8D /* ValidateDrumOldFixed.hpp */,
			);
			path = Check_KeyLists;
			sourceTree = "<group>";
		};
		6F43FCD7232D572B0098362F /* doc */ = {
			isa = PBXGroup;
			children = (
				6F43FCDB232D57D20098362F /* meson.build */,
				6F43FCDA232D57B20098362F /* Doxyfile.in */,
				6F43FCD9232D57B20098362F /* hagelin.mansrc */,
				6F43FCD8232D57B20098362F /* m209.mansrc */,
			);
			path = doc;
			sourceTree = "<group>";
		};
		6F43FCDC232D7F210098362F /* python */ = {
			isa = PBXGroup;
			children = (
				6F43FCDD232D7F680098362F /* m209-indicator.pysrc */,
				6F43FCDE232D7F680098362F /* m209-keylist.pysrc */,
				6F43FCDF232D7F680098362F /* meson.build */,
			);
			path = python;
			sourceTree = "<group>";
		};
		6F69CFCF2329FDB300696078 = {
			isa = PBXGroup;
			children = (
				6FF4BC6E232CB6490090B8F5 /* README.md */,
				6FF4BC6D232CA1BD0090B8F5 /* LICENSE.md */,
				6F69CFEE232C2A1300696078 /* meson.build */,
				6F69CFED232B374100696078 /* config.h.in */,
				6F43FCD7232D572B0098362F /* doc */,
				6F69CFDA2329FDB300696078 /* m209 */,
				6F43FCDC232D7F210098362F /* python */,
				6F8FE288232EC068000489D3 /* tests */,
				6FEB30BA2338885100784FCE /* KeyListDataBase */,
				6F02919D23399BFC00136571 /* Check_KeyLists */,
				6F69CFD92329FDB300696078 /* Products */,
			);
			sourceTree = "<group>";
		};
		6F69CFD92329FDB300696078 /* Products */ = {
			isa = PBXGroup;
			children = (
				6F69CFD82329FDB300696078 /* m209 */,
				6F8FE287232EC068000489D3 /* tests */,
				6FEB30B92338885100784FCE /* KeyListDataBase */,
				6F02919C23399BFC00136571 /* Check_KeyLists */,
			);
			name = Products;
			sourceTree = "<group>";
		};
		6F69CFDA2329FDB300696078 /* m209 */ = {
			isa = PBXGroup;
			children = (
				6F69CFEF232C2A3100696078 /* meson.build */,
				6F69CFEB232A03CC00696078 /* Keywheel.h */,
				6F69CFEC232A03CC00696078 /* M209.h */,
				6F69CFE5232A00F300696078 /* Keywheel.cc */,
				6F69CFE2232A00F300696078 /* m209_main.cc */,
				6F69CFE4232A00F300696078 /* M209.cc */,
				6F69CFE3232A00F300696078 /* M209GenKey.cc */,
				6FE7BE5123345A720044053A /* AppendixII.cpp */,
			);
			path = m209;
			sourceTree = "<group>";
		};
		6F8FE288232EC068000489D3 /* tests */ = {
			isa = PBXGroup;
			children = (
				6F8FE291232F1759000489D3 /* deciphered.txt */,
				6F8FE292232F175A000489D3 /* mangled.m209key */,
				6F8FE282232EB0D5000489D3 /* MB.m209key */,
				6F69CFF2232C2B1D00696078 /* meson.build */,
				6F8FE281232EAFB7000489D3 /* plain.txt */,
				6F8FE27F232EAF10000489D3 /* cipher.txt */,
				6F8FE289232EC068000489D3 /* test_m209.cpp */,
			);
			path = tests;
			sourceTree = "<group>";
		};
		6FEB30BA2338885100784FCE /* KeyListDataBase */ = {
			isa = PBXGroup;
			children = (
				6F0291A8233B18F700136571 /* meson.build */,
				6FEB30BB2338885100784FCE /* KeyListDataBase_main.cpp */,
				6F02919523393CBC00136571 /* KeyListDataBase.cpp */,
				6F02919623393CBC00136571 /* KeyListDataBase.hpp */,
			);
			path = KeyListDataBase;
			sourceTree = "<group>";
		};
/* End PBXGroup section */

/* Begin PBXNativeTarget section */
		6F02919B23399BFC00136571 /* Check_KeyLists */ = {
			isa = PBXNativeTarget;
			buildConfigurationList = 6F0291A023399BFC00136571 /* Build configuration list for PBXNativeTarget "Check_KeyLists" */;
			buildPhases = (
				6F02919823399BFC00136571 /* Sources */,
				6F02919923399BFC00136571 /* Frameworks */,
				6F02919A23399BFC00136571 /* CopyFiles */,
			);
			buildRules = (
			);
			dependencies = (
			);
			name = Check_KeyLists;
			productName = Check_KeyLists;
			productReference = 6F02919C23399BFC00136571 /* Check_KeyLists */;
			productType = "com.apple.product-type.tool";
		};
		6F69CFD72329FDB300696078 /* m209 */ = {
			isa = PBXNativeTarget;
			buildConfigurationList = 6F69CFDF2329FDB300696078 /* Build configuration list for PBXNativeTarget "m209" */;
			buildPhases = (
				6F69CFD42329FDB300696078 /* Sources */,
				6F69CFD52329FDB300696078 /* Frameworks */,
				6F69CFD62329FDB300696078 /* CopyFiles */,
			);
			buildRules = (
			);
			dependencies = (
			);
			name = m209;
			productName = hegelin;
			productReference = 6F69CFD82329FDB300696078 /* m209 */;
			productType = "com.apple.product-type.tool";
		};
		6F8FE286232EC068000489D3 /* tests */ = {
			isa = PBXNativeTarget;
			buildConfigurationList = 6F8FE28B232EC068000489D3 /* Build configuration list for PBXNativeTarget "tests" */;
			buildPhases = (
				6F8FE283232EC068000489D3 /* Sources */,
				6F8FE284232EC068000489D3 /* Frameworks */,
				6F8FE285232EC068000489D3 /* CopyFiles */,
			);
			buildRules = (
			);
			dependencies = (
			);
			name = tests;
			productName = test_m209;
			productReference = 6F8FE287232EC068000489D3 /* tests */;
			productType = "com.apple.product-type.tool";
		};
		6FEB30B82338885100784FCE /* KeyListDataBase */ = {
			isa = PBXNativeTarget;
			buildConfigurationList = 6FEB30BF2338885100784FCE /* Build configuration list for PBXNativeTarget "KeyListDataBase" */;
			buildPhases = (
				6FEB30B52338885100784FCE /* Sources */,
				6FEB30B62338885100784FCE /* Frameworks */,
				6FEB30B72338885100784FCE /* CopyFiles */,
			);
			buildRules = (
			);
			dependencies = (
			);
			name = KeyListDataBase;
			productName = check_keylists;
			productReference = 6FEB30B92338885100784FCE /* KeyListDataBase */;
			productType = "com.apple.product-type.tool";
		};
/* End PBXNativeTarget section */

/* Begin PBXProject section */
		6F69CFD02329FDB300696078 /* Project object */ = {
			isa = PBXProject;
			attributes = {
				LastUpgradeCheck = 1030;
				ORGANIZATIONNAME = "Joseph Dunn";
				TargetAttributes = {
					6F02919B23399BFC00136571 = {
						CreatedOnToolsVersion = 11.0;
					};
					6F69CFD72329FDB300696078 = {
						CreatedOnToolsVersion = 10.3;
					};
					6F8FE286232EC068000489D3 = {
						CreatedOnToolsVersion = 10.3;
					};
					6FEB30B82338885100784FCE = {
						CreatedOnToolsVersion = 11.0;
					};
				};
			};
			buildConfigurationList = 6F69CFD32329FDB300696078 /* Build configuration list for PBXProject "hagelin" */;
			compatibilityVersion = "Xcode 9.3";
			developmentRegion = en;
			hasScannedForEncodings = 0;
			knownRegions = (
				en,
			);
			mainGroup = 6F69CFCF2329FDB300696078;
			productRefGroup = 6F69CFD92329FDB300696078 /* Products */;
			projectDirPath = "";
			projectRoot = "";
			targets = (
				6F69CFD72329FDB300696078 /* m209 */,
				6F8FE286232EC068000489D3 /* tests */,
				6FEB30B82338885100784FCE /* KeyListDataBase */,
				6F02919B23399BFC00136571 /* Check_KeyLists */,
			);
		};
/* End PBXProject section */

/* Begin PBXSourcesBuildPhase section */
		6F02919823399BFC00136571 /* Sources */ = {
			isa = PBXSourcesBuildPhase;
			buildActionMask = 2147483647;
			files = (
				6F02919F23399BFC00136571 /* Check_Keylists_main.cpp in Sources */,
				6FFA005F233BD11F00100D8D /* ValidateDrumOldBroken.cpp in Sources */,
				6FFA0062233BDCD500100D8D /* ValidateDrumOldFixed.cpp in Sources */,
				6F0291A323399C3B00136571 /* KeyListDataBase.cpp in Sources */,
				6F0291A723399C5F00136571 /* AppendixII.cpp in Sources */,
				6F0291A423399C4C00136571 /* Keywheel.cc in Sources */,
				6F0291A523399C5300136571 /* M209.cc in Sources */,
				6F0291A623399C5A00136571 /* M209GenKey.cc in Sources */,
			);
			runOnlyForDeploymentPostprocessing = 0;
		};
		6F69CFD42329FDB300696078 /* Sources */ = {
			isa = PBXSourcesBuildPhase;
			buildActionMask = 2147483647;
			files = (
				6F69CFE6232A00F300696078 /* m209_main.cc in Sources */,
				6F69CFE7232A00F300696078 /* M209GenKey.cc in Sources */,
				6F69CFE9232A00F300696078 /* Keywheel.cc in Sources */,
				6F69CFE8232A00F300696078 /* M209.cc in Sources */,
				6FA572B0233D64AF00407254 /* KeyListDataBase.cpp in Sources */,
				6FE7BE5223345A720044053A /* AppendixII.cpp in Sources */,
			);
			runOnlyForDeploymentPostprocessing = 0;
		};
		6F8FE283232EC068000489D3 /* Sources */ = {
			isa = PBXSourcesBuildPhase;
			buildActionMask = 2147483647;
			files = (
				6F8FE290232EC34D000489D3 /* M209GenKey.cc in Sources */,
				6F8FE28F232EC347000489D3 /* M209.cc in Sources */,
				6F8FE28A232EC068000489D3 /* test_m209.cpp in Sources */,
				6F8FE28E232EC33F000489D3 /* Keywheel.cc in Sources */,
				6FA572B1233D7CB400407254 /* KeyListDataBase.cpp in Sources */,
				6FE7BE5323345A720044053A /* AppendixII.cpp in Sources */,
			);
			runOnlyForDeploymentPostprocessing = 0;
		};
		6FEB30B52338885100784FCE /* Sources */ = {
			isa = PBXSourcesBuildPhase;
			buildActionMask = 2147483647;
			files = (
				6FEB30BC2338885100784FCE /* KeyListDataBase_main.cpp in Sources */,
				6F02919723393CBC00136571 /* KeyListDataBase.cpp in Sources */,
			);
			runOnlyForDeploymentPostprocessing = 0;
		};
/* End PBXSourcesBuildPhase section */

/* Begin XCBuildConfiguration section */
		6F0291A123399BFC00136571 /* Debug */ = {
			isa = XCBuildConfiguration;
			buildSettings = {
				CODE_SIGN_STYLE = Automatic;
				PRODUCT_NAME = "$(TARGET_NAME)";
			};
			name = Debug;
		};
		6F0291A223399BFC00136571 /* Release */ = {
			isa = XCBuildConfiguration;
			buildSettings = {
				CODE_SIGN_STYLE = Automatic;
				PRODUCT_NAME = "$(TARGET_NAME)";
			};
			name = Release;
		};
		6F69CFDD2329FDB300696078 /* Debug */ = {
			isa = XCBuildConfiguration;
			buildSettings = {
				ALWAYS_SEARCH_USER_PATHS = NO;
				CLANG_ANALYZER_NONNULL = YES;
				CLANG_ANALYZER_NUMBER_OBJECT_CONVERSION = YES_AGGRESSIVE;
				CLANG_CXX_LANGUAGE_STANDARD = "gnu++14";
				CLANG_CXX_LIBRARY = "libc++";
				CLANG_ENABLE_MODULES = YES;
				CLANG_ENABLE_OBJC_ARC = YES;
				CLANG_ENABLE_OBJC_WEAK = YES;
				CLANG_WARN_BLOCK_CAPTURE_AUTORELEASING = YES;
				CLANG_WARN_BOOL_CONVERSION = YES;
				CLANG_WARN_COMMA = YES;
				CLANG_WARN_CONSTANT_CONVERSION = YES;
				CLANG_WARN_DEPRECATED_OBJC_IMPLEMENTATIONS = YES;
				CLANG_WARN_DIRECT_OBJC_ISA_USAGE = YES_ERROR;
				CLANG_WARN_DOCUMENTATION_COMMENTS = YES;
				CLANG_WARN_EMPTY_BODY = YES;
				CLANG_WARN_ENUM_CONVERSION = YES;
				CLANG_WARN_INFINITE_RECURSION = YES;
				CLANG_WARN_INT_CONVERSION = YES;
				CLANG_WARN_NON_LITERAL_NULL_CONVERSION = YES;
				CLANG_WARN_OBJC_IMPLICIT_RETAIN_SELF = YES;
				CLANG_WARN_OBJC_LITERAL_CONVERSION = YES;
				CLANG_WARN_OBJC_ROOT_CLASS = YES_ERROR;
				CLANG_WARN_RANGE_LOOP_ANALYSIS = YES;
				CLANG_WARN_STRICT_PROTOTYPES = YES;
				CLANG_WARN_SUSPICIOUS_MOVE = YES;
				CLANG_WARN_UNGUARDED_AVAILABILITY = YES_AGGRESSIVE;
				CLANG_WARN_UNREACHABLE_CODE = YES;
				CLANG_WARN__DUPLICATE_METHOD_MATCH = YES;
				CODE_SIGN_IDENTITY = "-";
				COPY_PHASE_STRIP = NO;
				DEBUG_INFORMATION_FORMAT = dwarf;
				ENABLE_STRICT_OBJC_MSGSEND = YES;
				ENABLE_TESTABILITY = YES;
				GCC_C_LANGUAGE_STANDARD = gnu11;
				GCC_DYNAMIC_NO_PIC = NO;
				GCC_NO_COMMON_BLOCKS = YES;
				GCC_OPTIMIZATION_LEVEL = 0;
				GCC_PREPROCESSOR_DEFINITIONS = (
					"DEBUG=1",
					"$(inherited)",
				);
				GCC_WARN_64_TO_32_BIT_CONVERSION = YES;
				GCC_WARN_ABOUT_RETURN_TYPE = YES_ERROR;
				GCC_WARN_UNDECLARED_SELECTOR = YES;
				GCC_WARN_UNINITIALIZED_AUTOS = YES_AGGRESSIVE;
				GCC_WARN_UNUSED_FUNCTION = YES;
				GCC_WARN_UNUSED_VARIABLE = YES;
				HEADER_SEARCH_PATHS = (
					/Users/jdunn/Documents/XCode/hagelin/build,
					/Users/jdunn/Documents/XCode/hagelin/KeyListDataBase,
				);
				LIBRARY_SEARCH_PATHS = /opt/local/lib;
				MACOSX_DEPLOYMENT_TARGET = 10.14;
				MTL_ENABLE_DEBUG_INFO = INCLUDE_SOURCE;
				MTL_FAST_MATH = YES;
				ONLY_ACTIVE_ARCH = YES;
				OTHER_LDFLAGS = (
					"-lboost_date_time-mt",
					"-lboost_program_options-mt",
				);
				SDKROOT = macosx;
				SYSTEM_HEADER_SEARCH_PATHS = /opt/local/include;
			};
			name = Debug;
		};
		6F69CFDE2329FDB300696078 /* Release */ = {
			isa = XCBuildConfiguration;
			buildSettings = {
				ALWAYS_SEARCH_USER_PATHS = NO;
				CLANG_ANALYZER_NONNULL = YES;
				CLANG_ANALYZER_NUMBER_OBJECT_CONVERSION = YES_AGGRESSIVE;
				CLANG_CXX_LANGUAGE_STANDARD = "gnu++14";
				CLANG_CXX_LIBRARY = "libc++";
				CLANG_ENABLE_MODULES = YES;
				CLANG_ENABLE_OBJC_ARC = YES;
				CLANG_ENABLE_OBJC_WEAK = YES;
				CLANG_WARN_BLOCK_CAPTURE_AUTORELEASING = YES;
				CLANG_WARN_BOOL_CONVERSION = YES;
				CLANG_WARN_COMMA = YES;
				CLANG_WARN_CONSTANT_CONVERSION = YES;
				CLANG_WARN_DEPRECATED_OBJC_IMPLEMENTATIONS = YES;
				CLANG_WARN_DIRECT_OBJC_ISA_USAGE = YES_ERROR;
				CLANG_WARN_DOCUMENTATION_COMMENTS = YES;
				CLANG_WARN_EMPTY_BODY = YES;
				CLANG_WARN_ENUM_CONVERSION = YES;
				CLANG_WARN_INFINITE_RECURSION = YES;
				CLANG_WARN_INT_CONVERSION = YES;
				CLANG_WARN_NON_LITERAL_NULL_CONVERSION = YES;
				CLANG_WARN_OBJC_IMPLICIT_RETAIN_SELF = YES;
				CLANG_WARN_OBJC_LITERAL_CONVERSION = YES;
				CLANG_WARN_OBJC_ROOT_CLASS = YES_ERROR;
				CLANG_WARN_RANGE_LOOP_ANALYSIS = YES;
				CLANG_WARN_STRICT_PROTOTYPES = YES;
				CLANG_WARN_SUSPICIOUS_MOVE = YES;
				CLANG_WARN_UNGUARDED_AVAILABILITY = YES_AGGRESSIVE;
				CLANG_WARN_UNREACHABLE_CODE = YES;
				CLANG_WARN__DUPLICATE_METHOD_MATCH = YES;
				CODE_SIGN_IDENTITY = "-";
				COPY_PHASE_STRIP = NO;
				DEBUG_INFORMATION_FORMAT = "dwarf-with-dsym";
				ENABLE_NS_ASSERTIONS = NO;
				ENABLE_STRICT_OBJC_MSGSEND = YES;
				GCC_C_LANGUAGE_STANDARD = gnu11;
				GCC_NO_COMMON_BLOCKS = YES;
				GCC_WARN_64_TO_32_BIT_CONVERSION = YES;
				GCC_WARN_ABOUT_RETURN_TYPE = YES_ERROR;
				GCC_WARN_UNDECLARED_SELECTOR = YES;
				GCC_WARN_UNINITIALIZED_AUTOS = YES_AGGRESSIVE;
				GCC_WARN_UNUSED_FUNCTION = YES;
				GCC_WARN_UNUSED_VARIABLE = YES;
				HEADER_SEARCH_PATHS = (
					/Users/jdunn/Documents/XCode/hagelin/build,
					/Users/jdunn/Documents/XCode/hagelin/KeyListDataBase,
				);
				LIBRARY_SEARCH_PATHS = /opt/local/lib;
				MACOSX_DEPLOYMENT_TARGET = 10.14;
				MTL_ENABLE_DEBUG_INFO = NO;
				MTL_FAST_MATH = YES;
				OTHER_LDFLAGS = (
					"-lboost_date_time-mt",
					"-lboost_program_options-mt",
				);
				SDKROOT = macosx;
				SYSTEM_HEADER_SEARCH_PATHS = /opt/local/include;
			};
			name = Release;
		};
		6F69CFE02329FDB300696078 /* Debug */ = {
			isa = XCBuildConfiguration;
			buildSettings = {
				CODE_SIGN_STYLE = Automatic;
				OTHER_LDFLAGS = (
					"-lboost_regex-mt",
					"-lboost_program_options-mt",
					"-lboost_date_time-mt",
				);
				PRODUCT_NAME = "$(TARGET_NAME)";
			};
			name = Debug;
		};
		6F69CFE12329FDB300696078 /* Release */ = {
			isa = XCBuildConfiguration;
			buildSettings = {
				CODE_SIGN_STYLE = Automatic;
				OTHER_LDFLAGS = (
					"-lboost_regex-mt",
					"-lboost_program_options-mt",
					"-lboost_date_time-mt",
				);
				PRODUCT_NAME = "$(TARGET_NAME)";
			};
			name = Release;
		};
		6F8FE28C232EC068000489D3 /* Debug */ = {
			isa = XCBuildConfiguration;
			buildSettings = {
				CODE_SIGN_STYLE = Automatic;
				PRODUCT_NAME = "$(TARGET_NAME)";
			};
			name = Debug;
		};
		6F8FE28D232EC068000489D3 /* Release */ = {
			isa = XCBuildConfiguration;
			buildSettings = {
				CODE_SIGN_STYLE = Automatic;
				PRODUCT_NAME = "$(TARGET_NAME)";
			};
			name = Release;
		};
		6FEB30BD2338885100784FCE /* Debug */ = {
			isa = XCBuildConfiguration;
			buildSettings = {
				CODE_SIGN_STYLE = Automatic;
				PRODUCT_NAME = "$(TARGET_NAME)";
			};
			name = Debug;
		};
		6FEB30BE2338885100784FCE /* Release */ = {
			isa = XCBuildConfiguration;
			buildSettings = {
				CODE_SIGN_STYLE = Automatic;
				PRODUCT_NAME = "$(TARGET_NAME)";
			};
			name = Release;
		};
/* End XCBuildConfiguration section */

/* Begin XCConfigurationList section */
		6F0291A023399BFC00136571 /* Build configuration list for PBXNativeTarget "Check_KeyLists" */ = {
			isa = XCConfigurationList;
			buildConfigurations = (
				6F0291A123399BFC00136571 /* Debug */,
				6F0291A223399BFC00136571 /* Release */,
			);
			defaultConfigurationIsVisible = 0;
			defaultConfigurationName = Release;
		};
		6F69CFD32329FDB300696078 /* Build configuration list for PBXProject "hagelin" */ = {
			isa = XCConfigurationList;
			buildConfigurations = (
				6F69CFDD2329FDB300696078 /* Debug */,
				6F69CFDE2329FDB300696078 /* Release */,
			);
			defaultConfigurationIsVisible = 0;
			defaultConfigurationName = Release;
		};
		6F69CFDF2329FDB300696078 /* Build configuration list for PBXNativeTarget "m209" */ = {
			isa = XCConfigurationList;
			buildConfigurations = (
				6F69CFE02329FDB300696078 /* Debug */,
				6F69CFE12329FDB300696078 /* Release */,
			);
			defaultConfigurationIsVisible = 0;
			defaultConfigurationName = Release;
		};
		6F8FE28B232EC068000489D3 /* Build configuration list for PBXNativeTarget "tests" */ = {
			isa = XCConfigurationList;
			buildConfigurations = (
				6F8FE28C232EC068000489D3 /* Debug */,
				6F8FE28D232EC068000489D3 /* Release */,
			);
			defaultConfigurationIsVisible = 0;
			defaultConfigurationName = Release;
		};
		6FEB30BF2338885100784FCE /* Build configuration list for PBXNativeTarget "KeyListDataBase" */ = {
			isa = XCConfigurationList;
			buildConfigurations = (
				6FEB30BD2338885100784FCE /* Debug */,
				6FEB30BE2338885100784FCE /* Release */,
			);
			defaultConfigurationIsVisible = 0;
			defaultConfigurationName = Release;
		};
/* End XCConfigurationList section */
	};
	rootObject = 6F69CFD02329FDB300696078 /* Project object */;
}
